lockfileVersion: '9.0'

settings:
  autoInstallPeers: true
  excludeLinksFromLockfile: false

importers:

  .:
    devDependencies:
      '@ianvs/prettier-plugin-sort-imports':
        specifier: ^4.6.2
        version: 4.6.2(prettier@3.6.2)
      prettier:
        specifier: ^3.6.2
        version: 3.6.2
      prettier-plugin-tailwindcss:
        specifier: ^0.6.14
        version: 0.6.14(@ianvs/prettier-plugin-sort-imports@4.6.2(prettier@3.6.2))(prettier@3.6.2)

packages:

  '@babel/code-frame@7.27.1':
    resolution: {integrity: sha512-cjQ7ZlQ0Mv3b47hABuTevyTuYN4i+loJKGeV9flcCgIK37cCXRh+L1bd3iBHlynerhQ7BhCkn2BPbQUL+rGqFg==}
    engines: {node: '>=6.9.0'}

  '@babel/generator@7.28.3':
    resolution: {integrity: sha512-3lSpxGgvnmZznmBkCRnVREPUFJv2wrv9iAoFDvADJc0ypmdOxdUtcLeBgBJ6zE0PMeTKnxeQzyk0xTBq4Ep7zw==}
    engines: {node: '>=6.9.0'}

  '@babel/helper-globals@7.28.0':
    resolution: {integrity: sha512-+W6cISkXFa1jXsDEdYA8HeevQT/FULhxzR99pxphltZcVaugps53THCeiWA8SguxxpSp3gKPiuYfSWopkLQ4hw==}
    engines: {node: '>=6.9.0'}

  '@babel/helper-string-parser@7.27.1':
    resolution: {integrity: sha512-qMlSxKbpRlAridDExk92nSobyDdpPijUq2DW6oDnUqd0iOGxmQjyqhMIihI9+zv4LPyZdRje2cavWPbCbWm3eA==}
    engines: {node: '>=6.9.0'}

  '@babel/helper-validator-identifier@7.27.1':
    resolution: {integrity: sha512-D2hP9eA+Sqx1kBZgzxZh0y1trbuU+JoDkiEwqhQ36nodYqJwyEIhPSdMNd7lOm/4io72luTPWH20Yda0xOuUow==}
    engines: {node: '>=6.9.0'}

  '@babel/parser@7.28.3':
    resolution: {integrity: sha512-7+Ey1mAgYqFAx2h0RuoxcQT5+MlG3GTV0TQrgr7/ZliKsm/MNDxVVutlWaziMq7wJNAz8MTqz55XLpWvva6StA==}
    engines: {node: '>=6.0.0'}
    hasBin: true

  '@babel/template@7.27.2':
    resolution: {integrity: sha512-LPDZ85aEJyYSd18/DkjNh4/y1ntkE5KwUHWTiqgRxruuZL2F1yuHligVHLvcHY2vMHXttKFpJn6LwfI7cw7ODw==}
    engines: {node: '>=6.9.0'}

  '@babel/traverse@7.28.3':
    resolution: {integrity: sha512-7w4kZYHneL3A6NP2nxzHvT3HCZ7puDZZjFMqDpBPECub79sTtSO5CGXDkKrTQq8ksAwfD/XI2MRFX23njdDaIQ==}
    engines: {node: '>=6.9.0'}

  '@babel/types@7.28.2':
    resolution: {integrity: sha512-ruv7Ae4J5dUYULmeXw1gmb7rYRz57OWCPM57pHojnLq/3Z1CK2lNSLTCVjxVk1F/TZHwOZZrOWi0ur95BbLxNQ==}
    engines: {node: '>=6.9.0'}

  '@ianvs/prettier-plugin-sort-imports@4.6.2':
    resolution: {integrity: sha512-kHiL1IghIodo43clNQaJJU2rPqXEioPG+Ink4/T5za46A0ggSNvIx4NM3hGgciQ2VpDaR/X8cTJIZDKRurWjPw==}
    peerDependencies:
      '@prettier/plugin-oxc': ^0.0.4
      '@vue/compiler-sfc': 2.7.x || 3.x
      content-tag: ^4.0.0
      prettier: 2 || 3 || ^4.0.0-0
      prettier-plugin-ember-template-tag: ^2.1.0
    peerDependenciesMeta:
      '@prettier/plugin-oxc':
        optional: true
      '@vue/compiler-sfc':
        optional: true
      content-tag:
        optional: true
      prettier-plugin-ember-template-tag:
        optional: true

  '@jridgewell/gen-mapping@0.3.13':
    resolution: {integrity: sha512-2kkt/7niJ6MgEPxF0bYdQ6etZaA+fQvDcLKckhy1yIQOzaoKjBBjSj63/aLVjYE3qhRt5dvM+uUyfCg6UKCBbA==}

  '@jridgewell/resolve-uri@3.1.2':
    resolution: {integrity: sha512-bRISgCIjP20/tbWSPWMEi54QVPRZExkuD9lJL+UIxUKtwVJA8wW1Trb1jMs1RFXo1CBTNZ/5hpC9QvmKWdopKw==}
    engines: {node: '>=6.0.0'}

  '@jridgewell/sourcemap-codec@1.5.5':
    resolution: {integrity: sha512-cYQ9310grqxueWbl+WuIUIaiUaDcj7WOq5fVhEljNVgRfOUhY9fy2zTvfoqWsnebh8Sl70VScFbICvJnLKB0Og==}

  '@jridgewell/trace-mapping@0.3.30':
    resolution: {integrity: sha512-GQ7Nw5G2lTu/BtHTKfXhKHok2WGetd4XYcVKGx00SjAk8GMwgJM3zr6zORiPGuOE+/vkc90KtTosSSvaCjKb2Q==}

  debug@4.4.1:
    resolution: {integrity: sha512-KcKCqiftBJcZr++7ykoDIEwSa3XWowTfNPo92BYxjXiyYEVrUQh2aLyhxBCwww+heortUFxEJYcRzosstTEBYQ==}
    engines: {node: '>=6.0'}
    peerDependencies:
      supports-color: '*'
    peerDependenciesMeta:
      supports-color:
        optional: true

  js-tokens@4.0.0:
    resolution: {integrity: sha512-RdJUflcE3cUzKiMqQgsCu06FPu9UdIJO0beYbPhHN4k6apgJtifcoCtT9bcxOpYBtpD2kCM6Sbzg4CausW/PKQ==}

  jsesc@3.1.0:
    resolution: {integrity: sha512-/sM3dO2FOzXjKQhJuo0Q173wf2KOo8t4I8vHy6lF9poUp7bKT0/NHE8fPX23PwfhnykfqnC2xRxOnVw5XuGIaA==}
    engines: {node: '>=6'}
    hasBin: true

  ms@2.1.3:
    resolution: {integrity: sha512-6FlzubTLZG3J2a/NVCAleEhjzq5oxgHyaCU9yYXvcLsvoVaHJq/s5xXI6/XXP6tz7R9xAOtHnSO/tXtF3WRTlA==}

  picocolors@1.1.1:
    resolution: {integrity: sha512-xceH2snhtb5M9liqDsmEw56le376mTZkEX/jEb/RxNFyegNul7eNslCXP9FDj/Lcu0X8KEyMceP2ntpaHrDEVA==}

  prettier-plugin-tailwindcss@0.6.14:
    resolution: {integrity: sha512-pi2e/+ZygeIqntN+vC573BcW5Cve8zUB0SSAGxqpB4f96boZF4M3phPVoOFCeypwkpRYdi7+jQ5YJJUwrkGUAg==}
    engines: {node: '>=14.21.3'}
    peerDependencies:
      '@ianvs/prettier-plugin-sort-imports': '*'
      '@prettier/plugin-hermes': '*'
      '@prettier/plugin-oxc': '*'
      '@prettier/plugin-pug': '*'
      '@shopify/prettier-plugin-liquid': '*'
      '@trivago/prettier-plugin-sort-imports': '*'
      '@zackad/prettier-plugin-twig': '*'
      prettier: ^3.0
      prettier-plugin-astro: '*'
      prettier-plugin-css-order: '*'
      prettier-plugin-import-sort: '*'
      prettier-plugin-jsdoc: '*'
      prettier-plugin-marko: '*'
      prettier-plugin-multiline-arrays: '*'
      prettier-plugin-organize-attributes: '*'
      prettier-plugin-organize-imports: '*'
      prettier-plugin-sort-imports: '*'
      prettier-plugin-style-order: '*'
      prettier-plugin-svelte: '*'
    peerDependenciesMeta:
      '@ianvs/prettier-plugin-sort-imports':
        optional: true
      '@prettier/plugin-hermes':
        optional: true
      '@prettier/plugin-oxc':
        optional: true
      '@prettier/plugin-pug':
        optional: true
      '@shopify/prettier-plugin-liquid':
        optional: true
      '@trivago/prettier-plugin-sort-imports':
        optional: true
      '@zackad/prettier-plugin-twig':
        optional: true
      prettier-plugin-astro:
        optional: true
      prettier-plugin-css-order:
        optional: true
      prettier-plugin-import-sort:
        optional: true
      prettier-plugin-jsdoc:
        optional: true
      prettier-plugin-marko:
        optional: true
      prettier-plugin-multiline-arrays:
        optional: true
      prettier-plugin-organize-attributes:
        optional: true
      prettier-plugin-organize-imports:
        optional: true
      prettier-plugin-sort-imports:
        optional: true
      prettier-plugin-style-order:
        optional: true
      prettier-plugin-svelte:
        optional: true

  prettier@3.6.2:
    resolution: {integrity: sha512-I7AIg5boAr5R0FFtJ6rCfD+LFsWHp81dolrFD8S79U9tb8Az2nGrJncnMSnys+bpQJfRUzqs9hnA81OAA3hCuQ==}
    engines: {node: '>=14'}
    hasBin: true

  semver@7.7.2:
    resolution: {integrity: sha512-RF0Fw+rO5AMf9MAyaRXI4AV0Ulj5lMHqVxxdSgiVbixSCXoEmmX/jk0CuJw4+3SqroYO9VoUh+HcuJivvtJemA==}
    engines: {node: '>=10'}
    hasBin: true

snapshots:

  '@babel/code-frame@7.27.1':
    dependencies:
      '@babel/helper-validator-identifier': 7.27.1
      js-tokens: 4.0.0
      picocolors: 1.1.1

  '@babel/generator@7.28.3':
    dependencies:
      '@babel/parser': 7.28.3
      '@babel/types': 7.28.2
      '@jridgewell/gen-mapping': 0.3.13
      '@jridgewell/trace-mapping': 0.3.30
      jsesc: 3.1.0

  '@babel/helper-globals@7.28.0': {}

  '@babel/helper-string-parser@7.27.1': {}

  '@babel/helper-validator-identifier@7.27.1': {}

  '@babel/parser@7.28.3':
    dependencies:
      '@babel/types': 7.28.2

  '@babel/template@7.27.2':
    dependencies:
      '@babel/code-frame': 7.27.1
      '@babel/parser': 7.28.3
      '@babel/types': 7.28.2

  '@babel/traverse@7.28.3':
    dependencies:
      '@babel/code-frame': 7.27.1
      '@babel/generator': 7.28.3
      '@babel/helper-globals': 7.28.0
      '@babel/parser': 7.28.3
      '@babel/template': 7.27.2
      '@babel/types': 7.28.2
      debug: 4.4.1
    transitivePeerDependencies:
      - supports-color

  '@babel/types@7.28.2':
    dependencies:
      '@babel/helper-string-parser': 7.27.1
      '@babel/helper-validator-identifier': 7.27.1

  '@ianvs/prettier-plugin-sort-imports@4.6.2(prettier@3.6.2)':
    dependencies:
      '@babel/generator': 7.28.3
      '@babel/parser': 7.28.3
      '@babel/traverse': 7.28.3
      '@babel/types': 7.28.2
      prettier: 3.6.2
      semver: 7.7.2
    transitivePeerDependencies:
      - supports-color

  '@jridgewell/gen-mapping@0.3.13':
    dependencies:
      '@jridgewell/sourcemap-codec': 1.5.5
      '@jridgewell/trace-mapping': 0.3.30

  '@jridgewell/resolve-uri@3.1.2': {}

  '@jridgewell/sourcemap-codec@1.5.5': {}

  '@jridgewell/trace-mapping@0.3.30':
    dependencies:
      '@jridgewell/resolve-uri': 3.1.2
      '@jridgewell/sourcemap-codec': 1.5.5

  debug@4.4.1:
    dependencies:
      ms: 2.1.3

  js-tokens@4.0.0: {}

  jsesc@3.1.0: {}

  ms@2.1.3: {}

  picocolors@1.1.1: {}

  prettier-plugin-tailwindcss@0.6.14(@ianvs/prettier-plugin-sort-imports@4.6.2(prettier@3.6.2))(prettier@3.6.2):
    dependencies:
      prettier: 3.6.2
    optionalDependencies:
      '@ianvs/prettier-plugin-sort-imports': 4.6.2(prettier@3.6.2)

  prettier@3.6.2: {}

  semver@7.7.2: {}
